
Microsoft Visual Studio Solution File, Format Version 12.00
# Visual Studio Version 17
VisualStudioVersion = 17.13.35806.99 d17.13
MinimumVisualStudioVersion = 10.0.40219.1
Project("{FAE04EC0-301F-11D3-BF4B-00C04F79EFBC}") = "WPFSQUARES", "WPFSQUARES\WPFSQUARES.csproj", "{192479C6-7D96-4413-B053-F48CECB4B479}"
EndProject
Global
	GlobalSection(SolutionConfigurationPlatforms) = preSolution
		Debug|Any CPU = Debug|Any CPU
		Release|Any CPU = Release|Any CPU
	EndGlobalSection
	GlobalSection(ProjectConfigurationPlatforms) = postSolution
		{192479C6-7D96-4413-B053-F48CECB4B479}.Debug|Any CPU.ActiveCfg = Debug|Any CPU
		{192479C6-7D96-4413-B053-F48CECB4B479}.Debug|Any CPU.Build.0 = Debug|Any CPU
		{192479C6-7D96-4413-B053-F48CECB4B479}.Release|Any CPU.ActiveCfg = Release|Any CPU
		{192479C6-7D96-4413-B053-F48CECB4B479}.Release|Any CPU.Build.0 = Release|Any CPU
	EndGlobalSection
	GlobalSection(SolutionProperties) = preSolution
		HideSolutionNode = FALSE
	EndGlobalSection
	GlobalSection(ExtensibilityGlobals) = postSolution
		SolutionGuid = {E8486EEC-CA5F-47D1-9639-B11E1605A763}
	EndGlobalSection
EndGlobal
